// !$*UTF8*$!
{
	archiveVersion = 1;
	classes = {
	};
	objectVersion = 55;
	objects = {

/* Begin PBXBuildFile section */
		2727A656BC434A605C85EE4D /* Pods_Movve.framework in Frameworks */ = {isa = PBXBuildFile; fileRef = 7306AB760E59588BB5721286 /* Pods_Movve.framework */; };
		89407ACB28B60BB00049B2A5 /* ItemViewController.swift in Sources */ = {isa = PBXBuildFile; fileRef = 89407ACA28B60BB00049B2A5 /* ItemViewController.swift */; };
		89407ACD28B60C150049B2A5 /* ItemView.swift in Sources */ = {isa = PBXBuildFile; fileRef = 89407ACC28B60C150049B2A5 /* ItemView.swift */; };
		895B508228AC385800B03ACC /* UIView + Extension.swift in Sources */ = {isa = PBXBuildFile; fileRef = 895B508128AC385800B03ACC /* UIView + Extension.swift */; };
		895B508428ACDE1200B03ACC /* CustomCell.swift in Sources */ = {isa = PBXBuildFile; fileRef = 895B508328ACDE1200B03ACC /* CustomCell.swift */; };
		89832AA028BE0C6D007A117E /* NetworkService.swift in Sources */ = {isa = PBXBuildFile; fileRef = 89832A9F28BE0C6D007A117E /* NetworkService.swift */; };
		89832AA228BE0FE8007A117E /* NetworkMovieModel.swift in Sources */ = {isa = PBXBuildFile; fileRef = 89832AA128BE0FE8007A117E /* NetworkMovieModel.swift */; };
		89832AA428BE44FF007A117E /* NetworkError.swift in Sources */ = {isa = PBXBuildFile; fileRef = 89832AA328BE44FF007A117E /* NetworkError.swift */; };
		89B084F928ACEC2800557840 /* ItemModel.swift in Sources */ = {isa = PBXBuildFile; fileRef = 89B084F828ACEC2800557840 /* ItemModel.swift */; };
		89B9437228A1666400E99075 /* AppDelegate.swift in Sources */ = {isa = PBXBuildFile; fileRef = 89B9437128A1666400E99075 /* AppDelegate.swift */; };
		89B9437628A1666400E99075 /* MainViewController.swift in Sources */ = {isa = PBXBuildFile; fileRef = 89B9437528A1666400E99075 /* MainViewController.swift */; };
		89B9437B28A1666500E99075 /* Assets.xcassets in Resources */ = {isa = PBXBuildFile; fileRef = 89B9437A28A1666500E99075 /* Assets.xcassets */; };
		89B9437E28A1666500E99075 /* LaunchScreen.storyboard in Resources */ = {isa = PBXBuildFile; fileRef = 89B9437C28A1666500E99075 /* LaunchScreen.storyboard */; };
		89DE878728BE7AF300F5C6D0 /* NetworkTvModel.swift in Sources */ = {isa = PBXBuildFile; fileRef = 89DE878628BE7AF300F5C6D0 /* NetworkTvModel.swift */; };
		89DE878928BE858C00F5C6D0 /* Genre.swift in Sources */ = {isa = PBXBuildFile; fileRef = 89DE878828BE858C00F5C6D0 /* Genre.swift */; };
		89DE878B28BE8AB100F5C6D0 /* DtoTransformer.swift in Sources */ = {isa = PBXBuildFile; fileRef = 89DE878A28BE8AB100F5C6D0 /* DtoTransformer.swift */; };
		89E54D4B28ABF05B002AD4D4 /* MainView.swift in Sources */ = {isa = PBXBuildFile; fileRef = 89E54D4A28ABF05B002AD4D4 /* MainView.swift */; };
		89E54D4E28ABF1B2002AD4D4 /* ColorScheme.swift in Sources */ = {isa = PBXBuildFile; fileRef = 89E54D4D28ABF1B2002AD4D4 /* ColorScheme.swift */; };
/* End PBXBuildFile section */

/* Begin PBXFileReference section */
		520F0B0CCFBC68DD643DACA5 /* Pods-Movve.release.xcconfig */ = {isa = PBXFileReference; includeInIndex = 1; lastKnownFileType = text.xcconfig; name = "Pods-Movve.release.xcconfig"; path = "Target Support Files/Pods-Movve/Pods-Movve.release.xcconfig"; sourceTree = "<group>"; };
		7306AB760E59588BB5721286 /* Pods_Movve.framework */ = {isa = PBXFileReference; explicitFileType = wrapper.framework; includeInIndex = 0; path = Pods_Movve.framework; sourceTree = BUILT_PRODUCTS_DIR; };
		89407ACA28B60BB00049B2A5 /* ItemViewController.swift */ = {isa = PBXFileReference; lastKnownFileType = sourcecode.swift; path = ItemViewController.swift; sourceTree = "<group>"; };
		89407ACC28B60C150049B2A5 /* ItemView.swift */ = {isa = PBXFileReference; lastKnownFileType = sourcecode.swift; path = ItemView.swift; sourceTree = "<group>"; };
		895B508128AC385800B03ACC /* UIView + Extension.swift */ = {isa = PBXFileReference; lastKnownFileType = sourcecode.swift; path = "UIView + Extension.swift"; sourceTree = "<group>"; };
		895B508328ACDE1200B03ACC /* CustomCell.swift */ = {isa = PBXFileReference; lastKnownFileType = sourcecode.swift; path = CustomCell.swift; sourceTree = "<group>"; };
		89832A9F28BE0C6D007A117E /* NetworkService.swift */ = {isa = PBXFileReference; lastKnownFileType = sourcecode.swift; path = NetworkService.swift; sourceTree = "<group>"; };
		89832AA128BE0FE8007A117E /* NetworkMovieModel.swift */ = {isa = PBXFileReference; lastKnownFileType = sourcecode.swift; path = NetworkMovieModel.swift; sourceTree = "<group>"; };
		89832AA328BE44FF007A117E /* NetworkError.swift */ = {isa = PBXFileReference; lastKnownFileType = sourcecode.swift; path = NetworkError.swift; sourceTree = "<group>"; };
		89B084F828ACEC2800557840 /* ItemModel.swift */ = {isa = PBXFileReference; lastKnownFileType = sourcecode.swift; path = ItemModel.swift; sourceTree = "<group>"; };
		89B9436E28A1666400E99075 /* Movve.app */ = {isa = PBXFileReference; explicitFileType = wrapper.application; includeInIndex = 0; path = Movve.app; sourceTree = BUILT_PRODUCTS_DIR; };
		89B9437128A1666400E99075 /* AppDelegate.swift */ = {isa = PBXFileReference; lastKnownFileType = sourcecode.swift; path = AppDelegate.swift; sourceTree = "<group>"; };
		89B9437528A1666400E99075 /* MainViewController.swift */ = {isa = PBXFileReference; lastKnownFileType = sourcecode.swift; path = MainViewController.swift; sourceTree = "<group>"; };
		89B9437A28A1666500E99075 /* Assets.xcassets */ = {isa = PBXFileReference; lastKnownFileType = folder.assetcatalog; path = Assets.xcassets; sourceTree = "<group>"; };
		89B9437D28A1666500E99075 /* Base */ = {isa = PBXFileReference; lastKnownFileType = file.storyboard; name = Base; path = Base.lproj/LaunchScreen.storyboard; sourceTree = "<group>"; };
		89B9437F28A1666500E99075 /* Info.plist */ = {isa = PBXFileReference; lastKnownFileType = text.plist.xml; path = Info.plist; sourceTree = "<group>"; };
		89DE878628BE7AF300F5C6D0 /* NetworkTvModel.swift */ = {isa = PBXFileReference; lastKnownFileType = sourcecode.swift; path = NetworkTvModel.swift; sourceTree = "<group>"; };
		89DE878828BE858C00F5C6D0 /* Genre.swift */ = {isa = PBXFileReference; lastKnownFileType = sourcecode.swift; path = Genre.swift; sourceTree = "<group>"; };
		89DE878A28BE8AB100F5C6D0 /* DtoTransformer.swift */ = {isa = PBXFileReference; lastKnownFileType = sourcecode.swift; path = DtoTransformer.swift; sourceTree = "<group>"; };
		89E54D4A28ABF05B002AD4D4 /* MainView.swift */ = {isa = PBXFileReference; lastKnownFileType = sourcecode.swift; path = MainView.swift; sourceTree = "<group>"; };
		89E54D4D28ABF1B2002AD4D4 /* ColorScheme.swift */ = {isa = PBXFileReference; lastKnownFileType = sourcecode.swift; path = ColorScheme.swift; sourceTree = "<group>"; };
		FA6169447B78D3C5EA0AF4A0 /* Pods-Movve.debug.xcconfig */ = {isa = PBXFileReference; includeInIndex = 1; lastKnownFileType = text.xcconfig; name = "Pods-Movve.debug.xcconfig"; path = "Target Support Files/Pods-Movve/Pods-Movve.debug.xcconfig"; sourceTree = "<group>"; };
/* End PBXFileReference section */

/* Begin PBXFrameworksBuildPhase section */
		89B9436B28A1666400E99075 /* Frameworks */ = {
			isa = PBXFrameworksBuildPhase;
			buildActionMask = 2147483647;
			files = (
				2727A656BC434A605C85EE4D /* Pods_Movve.framework in Frameworks */,
			);
			runOnlyForDeploymentPostprocessing = 0;
		};
/* End PBXFrameworksBuildPhase section */

/* Begin PBXGroup section */
		15310E40F73E3F4BF3EEA68D /* Pods */ = {
			isa = PBXGroup;
			children = (
				FA6169447B78D3C5EA0AF4A0 /* Pods-Movve.debug.xcconfig */,
				520F0B0CCFBC68DD643DACA5 /* Pods-Movve.release.xcconfig */,
			);
			path = Pods;
			sourceTree = "<group>";
		};
		89407AC628B60B200049B2A5 /* FilmPageModule */ = {
			isa = PBXGroup;
			children = (
				89407AC728B60B4E0049B2A5 /* Model */,
				89407AC828B60B580049B2A5 /* View */,
				89407AC928B60B5F0049B2A5 /* Controll */,
			);
			path = FilmPageModule;
			sourceTree = "<group>";
		};
		89407AC728B60B4E0049B2A5 /* Model */ = {
			isa = PBXGroup;
			children = (
			);
			path = Model;
			sourceTree = "<group>";
		};
		89407AC828B60B580049B2A5 /* View */ = {
			isa = PBXGroup;
			children = (
				89407ACC28B60C150049B2A5 /* ItemView.swift */,
			);
			path = View;
			sourceTree = "<group>";
		};
		89407AC928B60B5F0049B2A5 /* Controll */ = {
			isa = PBXGroup;
			children = (
				89407ACA28B60BB00049B2A5 /* ItemViewController.swift */,
			);
			path = Controll;
			sourceTree = "<group>";
		};
		895B508028AC383B00B03ACC /* Extensions */ = {
			isa = PBXGroup;
			children = (
				895B508128AC385800B03ACC /* UIView + Extension.swift */,
			);
			path = Extensions;
			sourceTree = "<group>";
		};
		89832A9D28BE0C50007A117E /* Core */ = {
			isa = PBXGroup;
			children = (
				89E54D4428ABEF84002AD4D4 /* MainPageModule */,
				89407AC628B60B200049B2A5 /* FilmPageModule */,
			);
			path = Core;
			sourceTree = "<group>";
		};
		89832A9E28BE0C59007A117E /* Networking */ = {
			isa = PBXGroup;
			children = (
				89832A9F28BE0C6D007A117E /* NetworkService.swift */,
				89832AA128BE0FE8007A117E /* NetworkMovieModel.swift */,
				89DE878628BE7AF300F5C6D0 /* NetworkTvModel.swift */,
				89832AA328BE44FF007A117E /* NetworkError.swift */,
			);
			path = Networking;
			sourceTree = "<group>";
		};
		89B9436528A1666400E99075 = {
			isa = PBXGroup;
			children = (
				89B9437028A1666400E99075 /* Movve */,
				89B9436F28A1666400E99075 /* Products */,
				15310E40F73E3F4BF3EEA68D /* Pods */,
				FE9895D9660F13E38CD66E41 /* Frameworks */,
			);
			sourceTree = "<group>";
		};
		89B9436F28A1666400E99075 /* Products */ = {
			isa = PBXGroup;
			children = (
				89B9436E28A1666400E99075 /* Movve.app */,
			);
			name = Products;
			sourceTree = "<group>";
		};
		89B9437028A1666400E99075 /* Movve */ = {
			isa = PBXGroup;
			children = (
				89832A9E28BE0C59007A117E /* Networking */,
				895B508028AC383B00B03ACC /* Extensions */,
				89E54D4C28ABF1A1002AD4D4 /* Constants */,
				89E54D4328ABEE71002AD4D4 /* App */,
				89832A9D28BE0C50007A117E /* Core */,
				89B9437F28A1666500E99075 /* Info.plist */,
				89B9437C28A1666500E99075 /* LaunchScreen.storyboard */,
			);
			path = Movve;
			sourceTree = "<group>";
		};
		89E54D4328ABEE71002AD4D4 /* App */ = {
			isa = PBXGroup;
			children = (
				89B9437128A1666400E99075 /* AppDelegate.swift */,
				89B9437A28A1666500E99075 /* Assets.xcassets */,
			);
			path = App;
			sourceTree = "<group>";
		};
		89E54D4428ABEF84002AD4D4 /* MainPageModule */ = {
			isa = PBXGroup;
			children = (
				89E54D4628ABEF99002AD4D4 /* Model */,
				89E54D4728ABEF9F002AD4D4 /* View */,
				89E54D4528ABEF92002AD4D4 /* Controll */,
			);
			path = MainPageModule;
			sourceTree = "<group>";
		};
		89E54D4528ABEF92002AD4D4 /* Controll */ = {
			isa = PBXGroup;
			children = (
				89B9437528A1666400E99075 /* MainViewController.swift */,
			);
			path = Controll;
			sourceTree = "<group>";
		};
		89E54D4628ABEF99002AD4D4 /* Model */ = {
			isa = PBXGroup;
			children = (
				89B084F828ACEC2800557840 /* ItemModel.swift */,
				89DE878828BE858C00F5C6D0 /* Genre.swift */,
				89DE878A28BE8AB100F5C6D0 /* DtoTransformer.swift */,
			);
			path = Model;
			sourceTree = "<group>";
		};
		89E54D4728ABEF9F002AD4D4 /* View */ = {
			isa = PBXGroup;
			children = (
				89E54D4828ABF033002AD4D4 /* Views */,
				89E54D4928ABF03D002AD4D4 /* Cells */,
			);
			path = View;
			sourceTree = "<group>";
		};
		89E54D4828ABF033002AD4D4 /* Views */ = {
			isa = PBXGroup;
			children = (
				89E54D4A28ABF05B002AD4D4 /* MainView.swift */,
			);
			path = Views;
			sourceTree = "<group>";
		};
		89E54D4928ABF03D002AD4D4 /* Cells */ = {
			isa = PBXGroup;
			children = (
				895B508328ACDE1200B03ACC /* CustomCell.swift */,
			);
			path = Cells;
			sourceTree = "<group>";
		};
		89E54D4C28ABF1A1002AD4D4 /* Constants */ = {
			isa = PBXGroup;
			children = (
				89E54D4D28ABF1B2002AD4D4 /* ColorScheme.swift */,
			);
			path = Constants;
			sourceTree = "<group>";
		};
		FE9895D9660F13E38CD66E41 /* Frameworks */ = {
			isa = PBXGroup;
			children = (
				7306AB760E59588BB5721286 /* Pods_Movve.framework */,
			);
			name = Frameworks;
			sourceTree = "<group>";
		};
/* End PBXGroup section */

/* Begin PBXNativeTarget section */
		89B9436D28A1666400E99075 /* Movve */ = {
			isa = PBXNativeTarget;
			buildConfigurationList = 89B9438228A1666500E99075 /* Build configuration list for PBXNativeTarget "Movve" */;
			buildPhases = (
				F744D13B6C8D4F30808A7CF3 /* [CP] Check Pods Manifest.lock */,
				89407AC528B4A9380049B2A5 /* ShellScript */,
				89B9436A28A1666400E99075 /* Sources */,
				89B9436B28A1666400E99075 /* Frameworks */,
				89B9436C28A1666400E99075 /* Resources */,
				AF0D1AF10EC36BD986418236 /* [CP] Embed Pods Frameworks */,
			);
			buildRules = (
			);
			dependencies = (
			);
			name = Movve;
			productName = Movve;
			productReference = 89B9436E28A1666400E99075 /* Movve.app */;
			productType = "com.apple.product-type.application";
		};
/* End PBXNativeTarget section */

/* Begin PBXProject section */
		89B9436628A1666400E99075 /* Project object */ = {
			isa = PBXProject;
			attributes = {
				BuildIndependentTargetsInParallel = 1;
				LastSwiftUpdateCheck = 1340;
				LastUpgradeCheck = 1340;
				TargetAttributes = {
					89B9436D28A1666400E99075 = {
						CreatedOnToolsVersion = 13.4.1;
					};
				};
			};
			buildConfigurationList = 89B9436928A1666400E99075 /* Build configuration list for PBXProject "Movve" */;
			compatibilityVersion = "Xcode 13.0";
			developmentRegion = en;
			hasScannedForEncodings = 0;
			knownRegions = (
				en,
				Base,
			);
			mainGroup = 89B9436528A1666400E99075;
			productRefGroup = 89B9436F28A1666400E99075 /* Products */;
			projectDirPath = "";
			projectRoot = "";
			targets = (
				89B9436D28A1666400E99075 /* Movve */,
			);
		};
/* End PBXProject section */

/* Begin PBXResourcesBuildPhase section */
		89B9436C28A1666400E99075 /* Resources */ = {
			isa = PBXResourcesBuildPhase;
			buildActionMask = 2147483647;
			files = (
				89B9437E28A1666500E99075 /* LaunchScreen.storyboard in Resources */,
				89B9437B28A1666500E99075 /* Assets.xcassets in Resources */,
			);
			runOnlyForDeploymentPostprocessing = 0;
		};
/* End PBXResourcesBuildPhase section */

/* Begin PBXShellScriptBuildPhase section */
		89407AC528B4A9380049B2A5 /* ShellScript */ = {
			isa = PBXShellScriptBuildPhase;
			buildActionMask = 2147483647;
			files = (
			);
			inputFileListPaths = (
			);
			inputPaths = (
			);
			outputFileListPaths = (
			);
			outputPaths = (
			);
			runOnlyForDeploymentPostprocessing = 0;
			shellPath = /bin/sh;
			shellScript = "\"${PODS_ROOT}/SwiftLint/swiftlint\"\n";
		};
		AF0D1AF10EC36BD986418236 /* [CP] Embed Pods Frameworks */ = {
			isa = PBXShellScriptBuildPhase;
			buildActionMask = 2147483647;
			files = (
			);
			inputFileListPaths = (
				"${PODS_ROOT}/Target Support Files/Pods-Movve/Pods-Movve-frameworks-${CONFIGURATION}-input-files.xcfilelist",
			);
			name = "[CP] Embed Pods Frameworks";
			outputFileListPaths = (
				"${PODS_ROOT}/Target Support Files/Pods-Movve/Pods-Movve-frameworks-${CONFIGURATION}-output-files.xcfilelist",
			);
			runOnlyForDeploymentPostprocessing = 0;
			shellPath = /bin/sh;
			shellScript = "\"${PODS_ROOT}/Target Support Files/Pods-Movve/Pods-Movve-frameworks.sh\"\n";
			showEnvVarsInLog = 0;
		};
		F744D13B6C8D4F30808A7CF3 /* [CP] Check Pods Manifest.lock */ = {
			isa = PBXShellScriptBuildPhase;
			buildActionMask = 2147483647;
			files = (
			);
			inputFileListPaths = (
			);
			inputPaths = (
				"${PODS_PODFILE_DIR_PATH}/Podfile.lock",
				"${PODS_ROOT}/Manifest.lock",
			);
			name = "[CP] Check Pods Manifest.lock";
			outputFileListPaths = (
			);
			outputPaths = (
				"$(DERIVED_FILE_DIR)/Pods-Movve-checkManifestLockResult.txt",
			);
			runOnlyForDeploymentPostprocessing = 0;
			shellPath = /bin/sh;
			shellScript = "diff \"${PODS_PODFILE_DIR_PATH}/Podfile.lock\" \"${PODS_ROOT}/Manifest.lock\" > /dev/null\nif [ $? != 0 ] ; then\n    # print error to STDERR\n    echo \"error: The sandbox is not in sync with the Podfile.lock. Run 'pod install' or update your CocoaPods installation.\" >&2\n    exit 1\nfi\n# This output is used by Xcode 'outputs' to avoid re-running this script phase.\necho \"SUCCESS\" > \"${SCRIPT_OUTPUT_FILE_0}\"\n";
			showEnvVarsInLog = 0;
		};
/* End PBXShellScriptBuildPhase section */

/* Begin PBXSourcesBuildPhase section */
		89B9436A28A1666400E99075 /* Sources */ = {
			isa = PBXSourcesBuildPhase;
			buildActionMask = 2147483647;
			files = (
				89B084F928ACEC2800557840 /* ItemModel.swift in Sources */,
				895B508428ACDE1200B03ACC /* CustomCell.swift in Sources */,
				89DE878728BE7AF300F5C6D0 /* NetworkTvModel.swift in Sources */,
				89E54D4E28ABF1B2002AD4D4 /* ColorScheme.swift in Sources */,
				89407ACD28B60C150049B2A5 /* ItemView.swift in Sources */,
				89B9437628A1666400E99075 /* MainViewController.swift in Sources */,
				89DE878928BE858C00F5C6D0 /* Genre.swift in Sources */,
				89E54D4B28ABF05B002AD4D4 /* MainView.swift in Sources */,
				89832AA428BE44FF007A117E /* NetworkError.swift in Sources */,
				89407ACB28B60BB00049B2A5 /* ItemViewController.swift in Sources */,
				89DE878B28BE8AB100F5C6D0 /* DtoTransformer.swift in Sources */,
				895B508228AC385800B03ACC /* UIView + Extension.swift in Sources */,
				89832AA028BE0C6D007A117E /* NetworkService.swift in Sources */,
				89832AA228BE0FE8007A117E /* NetworkMovieModel.swift in Sources */,
				89B9437228A1666400E99075 /* AppDelegate.swift in Sources */,
			);
			runOnlyForDeploymentPostprocessing = 0;
		};
/* End PBXSourcesBuildPhase section */

/* Begin PBXVariantGroup section */
		89B9437C28A1666500E99075 /* LaunchScreen.storyboard */ = {
			isa = PBXVariantGroup;
			children = (
				89B9437D28A1666500E99075 /* Base */,
			);
			name = LaunchScreen.storyboard;
			sourceTree = "<group>";
		};
/* End PBXVariantGroup section */

/* Begin XCBuildConfiguration section */
		89B9438028A1666500E99075 /* Debug */ = {
			isa = XCBuildConfiguration;
			buildSettings = {
				ALWAYS_SEARCH_USER_PATHS = NO;
				CLANG_ANALYZER_NONNULL = YES;
				CLANG_ANALYZER_NUMBER_OBJECT_CONVERSION = YES_AGGRESSIVE;
				CLANG_CXX_LANGUAGE_STANDARD = "gnu++17";
				CLANG_ENABLE_MODULES = YES;
				CLANG_ENABLE_OBJC_ARC = YES;
				CLANG_ENABLE_OBJC_WEAK = YES;
				CLANG_WARN_BLOCK_CAPTURE_AUTORELEASING = YES;
				CLANG_WARN_BOOL_CONVERSION = YES;
				CLANG_WARN_COMMA = YES;
				CLANG_WARN_CONSTANT_CONVERSION = YES;
				CLANG_WARN_DEPRECATED_OBJC_IMPLEMENTATIONS = YES;
				CLANG_WARN_DIRECT_OBJC_ISA_USAGE = YES_ERROR;
				CLANG_WARN_DOCUMENTATION_COMMENTS = YES;
				CLANG_WARN_EMPTY_BODY = YES;
				CLANG_WARN_ENUM_CONVERSION = YES;
				CLANG_WARN_INFINITE_RECURSION = YES;
				CLANG_WARN_INT_CONVERSION = YES;
				CLANG_WARN_NON_LITERAL_NULL_CONVERSION = YES;
				CLANG_WARN_OBJC_IMPLICIT_RETAIN_SELF = YES;
				CLANG_WARN_OBJC_LITERAL_CONVERSION = YES;
				CLANG_WARN_OBJC_ROOT_CLASS = YES_ERROR;
				CLANG_WARN_QUOTED_INCLUDE_IN_FRAMEWORK_HEADER = YES;
				CLANG_WARN_RANGE_LOOP_ANALYSIS = YES;
				CLANG_WARN_STRICT_PROTOTYPES = YES;
				CLANG_WARN_SUSPICIOUS_MOVE = YES;
				CLANG_WARN_UNGUARDED_AVAILABILITY = YES_AGGRESSIVE;
				CLANG_WARN_UNREACHABLE_CODE = YES;
				CLANG_WARN__DUPLICATE_METHOD_MATCH = YES;
				COPY_PHASE_STRIP = NO;
				DEBUG_INFORMATION_FORMAT = dwarf;
				ENABLE_STRICT_OBJC_MSGSEND = YES;
				ENABLE_TESTABILITY = YES;
				GCC_C_LANGUAGE_STANDARD = gnu11;
				GCC_DYNAMIC_NO_PIC = NO;
				GCC_NO_COMMON_BLOCKS = YES;
				GCC_OPTIMIZATION_LEVEL = 0;
				GCC_PREPROCESSOR_DEFINITIONS = (
					"DEBUG=1",
					"$(inherited)",
				);
				GCC_WARN_64_TO_32_BIT_CONVERSION = YES;
				GCC_WARN_ABOUT_RETURN_TYPE = YES_ERROR;
				GCC_WARN_UNDECLARED_SELECTOR = YES;
				GCC_WARN_UNINITIALIZED_AUTOS = YES_AGGRESSIVE;
				GCC_WARN_UNUSED_FUNCTION = YES;
				GCC_WARN_UNUSED_VARIABLE = YES;
				IPHONEOS_DEPLOYMENT_TARGET = 13.0;
				MTL_ENABLE_DEBUG_INFO = INCLUDE_SOURCE;
				MTL_FAST_MATH = YES;
				ONLY_ACTIVE_ARCH = YES;
				SDKROOT = iphoneos;
				SWIFT_ACTIVE_COMPILATION_CONDITIONS = DEBUG;
				SWIFT_OPTIMIZATION_LEVEL = "-Onone";
			};
			name = Debug;
		};
		89B9438128A1666500E99075 /* Release */ = {
			isa = XCBuildConfiguration;
			buildSettings = {
				ALWAYS_SEARCH_USER_PATHS = NO;
				CLANG_ANALYZER_NONNULL = YES;
				CLANG_ANALYZER_NUMBER_OBJECT_CONVERSION = YES_AGGRESSIVE;
				CLANG_CXX_LANGUAGE_STANDARD = "gnu++17";
				CLANG_ENABLE_MODULES = YES;
				CLANG_ENABLE_OBJC_ARC = YES;
				CLANG_ENABLE_OBJC_WEAK = YES;
				CLANG_WARN_BLOCK_CAPTURE_AUTORELEASING = YES;
				CLANG_WARN_BOOL_CONVERSION = YES;
				CLANG_WARN_COMMA = YES;
				CLANG_WARN_CONSTANT_CONVERSION = YES;
				CLANG_WARN_DEPRECATED_OBJC_IMPLEMENTATIONS = YES;
				CLANG_WARN_DIRECT_OBJC_ISA_USAGE = YES_ERROR;
				CLANG_WARN_DOCUMENTATION_COMMENTS = YES;
				CLANG_WARN_EMPTY_BODY = YES;
				CLANG_WARN_ENUM_CONVERSION = YES;
				CLANG_WARN_INFINITE_RECURSION = YES;
				CLANG_WARN_INT_CONVERSION = YES;
				CLANG_WARN_NON_LITERAL_NULL_CONVERSION = YES;
				CLANG_WARN_OBJC_IMPLICIT_RETAIN_SELF = YES;
				CLANG_WARN_OBJC_LITERAL_CONVERSION = YES;
				CLANG_WARN_OBJC_ROOT_CLASS = YES_ERROR;
				CLANG_WARN_QUOTED_INCLUDE_IN_FRAMEWORK_HEADER = YES;
				CLANG_WARN_RANGE_LOOP_ANALYSIS = YES;
				CLANG_WARN_STRICT_PROTOTYPES = YES;
				CLANG_WARN_SUSPICIOUS_MOVE = YES;
				CLANG_WARN_UNGUARDED_AVAILABILITY = YES_AGGRESSIVE;
				CLANG_WARN_UNREACHABLE_CODE = YES;
				CLANG_WARN__DUPLICATE_METHOD_MATCH = YES;
				COPY_PHASE_STRIP = NO;
				DEBUG_INFORMATION_FORMAT = "dwarf-with-dsym";
				ENABLE_NS_ASSERTIONS = NO;
				ENABLE_STRICT_OBJC_MSGSEND = YES;
				GCC_C_LANGUAGE_STANDARD = gnu11;
				GCC_NO_COMMON_BLOCKS = YES;
				GCC_WARN_64_TO_32_BIT_CONVERSION = YES;
				GCC_WARN_ABOUT_RETURN_TYPE = YES_ERROR;
				GCC_WARN_UNDECLARED_SELECTOR = YES;
				GCC_WARN_UNINITIALIZED_AUTOS = YES_AGGRESSIVE;
				GCC_WARN_UNUSED_FUNCTION = YES;
				GCC_WARN_UNUSED_VARIABLE = YES;
				IPHONEOS_DEPLOYMENT_TARGET = 13.0;
				MTL_ENABLE_DEBUG_INFO = NO;
				MTL_FAST_MATH = YES;
				SDKROOT = iphoneos;
				SWIFT_COMPILATION_MODE = wholemodule;
				SWIFT_OPTIMIZATION_LEVEL = "-O";
				VALIDATE_PRODUCT = YES;
			};
			name = Release;
		};
		89B9438328A1666500E99075 /* Debug */ = {
			isa = XCBuildConfiguration;
			baseConfigurationReference = FA6169447B78D3C5EA0AF4A0 /* Pods-Movve.debug.xcconfig */;
			buildSettings = {
				ASSETCATALOG_COMPILER_APPICON_NAME = AppIcon;
				ASSETCATALOG_COMPILER_GLOBAL_ACCENT_COLOR_NAME = AccentColor;
				CODE_SIGN_STYLE = Automatic;
				CURRENT_PROJECT_VERSION = 1;
				DEVELOPMENT_TEAM = 3G8VQ3U9D3;
				GENERATE_INFOPLIST_FILE = YES;
				INFOPLIST_FILE = Movve/Info.plist;
				INFOPLIST_KEY_UIApplicationSupportsIndirectInputEvents = YES;
				INFOPLIST_KEY_UILaunchStoryboardName = LaunchScreen;
				INFOPLIST_KEY_UISupportedInterfaceOrientations = UIInterfaceOrientationPortrait;
				INFOPLIST_KEY_UISupportedInterfaceOrientations_iPad = "UIInterfaceOrientationPortrait UIInterfaceOrientationPortraitUpsideDown UIInterfaceOrientationLandscapeLeft UIInterfaceOrientationLandscapeRight";
				INFOPLIST_KEY_UISupportedInterfaceOrientations_iPhone = "UIInterfaceOrientationPortrait UIInterfaceOrientationLandscapeLeft UIInterfaceOrientationLandscapeRight";
				IPHONEOS_DEPLOYMENT_TARGET = 13.0;
				LD_RUNPATH_SEARCH_PATHS = (
					"$(inherited)",
					"@executable_path/Frameworks",
				);
				MARKETING_VERSION = 1.0;
				PRODUCT_BUNDLE_IDENTIFIER = ru.teodor.Movve;
				PRODUCT_NAME = "$(TARGET_NAME)";
				SWIFT_EMIT_LOC_STRINGS = YES;
				SWIFT_VERSION = 5.0;
				TARGETED_DEVICE_FAMILY = 1;
			};
			name = Debug;
		};
		89B9438428A1666500E99075 /* Release */ = {
			isa = XCBuildConfiguration;
			baseConfigurationReference = 520F0B0CCFBC68DD643DACA5 /* Pods-Movve.release.xcconfig */;
			buildSettings = {
				ASSETCATALOG_COMPILER_APPICON_NAME = AppIcon;
				ASSETCATALOG_COMPILER_GLOBAL_ACCENT_COLOR_NAME = AccentColor;
				CODE_SIGN_STYLE = Automatic;
				CURRENT_PROJECT_VERSION = 1;
				DEVELOPMENT_TEAM = 3G8VQ3U9D3;
				GENERATE_INFOPLIST_FILE = YES;
				INFOPLIST_FILE = Movve/Info.plist;
				INFOPLIST_KEY_UIApplicationSupportsIndirectInputEvents = YES;
				INFOPLIST_KEY_UILaunchStoryboardName = LaunchScreen;
				INFOPLIST_KEY_UISupportedInterfaceOrientations = UIInterfaceOrientationPortrait;
				INFOPLIST_KEY_UISupportedInterfaceOrientations_iPad = "UIInterfaceOrientationPortrait UIInterfaceOrientationPortraitUpsideDown UIInterfaceOrientationLandscapeLeft UIInterfaceOrientationLandscapeRight";
				INFOPLIST_KEY_UISupportedInterfaceOrientations_iPhone = "UIInterfaceOrientationPortrait UIInterfaceOrientationLandscapeLeft UIInterfaceOrientationLandscapeRight";
				IPHONEOS_DEPLOYMENT_TARGET = 13.0;
				LD_RUNPATH_SEARCH_PATHS = (
					"$(inherited)",
					"@executable_path/Frameworks",
				);
				MARKETING_VERSION = 1.0;
				PRODUCT_BUNDLE_IDENTIFIER = ru.teodor.Movve;
				PRODUCT_NAME = "$(TARGET_NAME)";
				SWIFT_EMIT_LOC_STRINGS = YES;
				SWIFT_VERSION = 5.0;
				TARGETED_DEVICE_FAMILY = 1;
			};
			name = Release;
		};
/* End XCBuildConfiguration section */

/* Begin XCConfigurationList section */
		89B9436928A1666400E99075 /* Build configuration list for PBXProject "Movve" */ = {
			isa = XCConfigurationList;
			buildConfigurations = (
				89B9438028A1666500E99075 /* Debug */,
				89B9438128A1666500E99075 /* Release */,
			);
			defaultConfigurationIsVisible = 0;
			defaultConfigurationName = Release;
		};
		89B9438228A1666500E99075 /* Build configuration list for PBXNativeTarget "Movve" */ = {
			isa = XCConfigurationList;
			buildConfigurations = (
				89B9438328A1666500E99075 /* Debug */,
				89B9438428A1666500E99075 /* Release */,
			);
			defaultConfigurationIsVisible = 0;
			defaultConfigurationName = Release;
		};
/* End XCConfigurationList section */
	};
	rootObject = 89B9436628A1666400E99075 /* Project object */;
}
